
Microsoft Visual Studio Solution File, Format Version 12.00
# Visual Studio 15
Project("{FAE04EC0-301F-11D3-BF4B-00C04F79EFBC}") = "Assembly-CSharp-Editor", "Assembly-CSharp-Editor.csproj", "{45E52B0B-DB81-3F7A-55CC-D145024ECF02}"
EndProject
Project("{FAE04EC0-301F-11D3-BF4B-00C04F79EFBC}") = "Assembly-CSharp", "Assembly-CSharp.csproj", "{4D21568B-93EB-907E-C0FC-7E9BF5041372}"
EndProject
Global
	GlobalSection(SolutionConfigurationPlatforms) = preSolution
		Debug|Any CPU = Debug|Any CPU
		Release|Any CPU = Release|Any CPU
	EndGlobalSection
	GlobalSection(ProjectConfigurationPlatforms) = postSolution
		{45E52B0B-DB81-3F7A-55CC-D145024ECF02}.Debug|Any CPU.ActiveCfg = Debug|Any CPU
		{45E52B0B-DB81-3F7A-55CC-D145024ECF02}.Debug|Any CPU.Build.0 = Debug|Any CPU
		{45E52B0B-DB81-3F7A-55CC-D145024ECF02}.Release|Any CPU.ActiveCfg = Release|Any CPU
		{45E52B0B-DB81-3F7A-55CC-D145024ECF02}.Release|Any CPU.Build.0 = Release|Any CPU
		{4D21568B-93EB-907E-C0FC-7E9BF5041372}.Debug|Any CPU.ActiveCfg = Debug|Any CPU
		{4D21568B-93EB-907E-C0FC-7E9BF5041372}.Debug|Any CPU.Build.0 = Debug|Any CPU
		{4D21568B-93EB-907E-C0FC-7E9BF5041372}.Release|Any CPU.ActiveCfg = Release|Any CPU
		{4D21568B-93EB-907E-C0FC-7E9BF5041372}.Release|Any CPU.Build.0 = Release|Any CPU
	EndGlobalSection
	GlobalSection(SolutionProperties) = preSolution
		HideSolutionNode = FALSE
	EndGlobalSection
EndGlobal
